
Microsoft Visual Studio Solution File, Format Version 12.00
# Visual Studio Version 16
VisualStudioVersion = 16.0.29409.12
MinimumVisualStudioVersion = 10.0.40219.1
Project("{FAE04EC0-301F-11D3-BF4B-00C04F79EFBC}") = "4bet", "4bet\4bet.csproj", "{06735D35-6A67-4A05-835D-C7127FBE8845}"
EndProject
Global
	GlobalSection(SolutionConfigurationPlatforms) = preSolution
		Debug|Any CPU = Debug|Any CPU
		Release|Any CPU = Release|Any CPU
	EndGlobalSection
	GlobalSection(ProjectConfigurationPlatforms) = postSolution
		{06735D35-6A67-4A05-835D-C7127FBE8845}.Debug|Any CPU.ActiveCfg = Debug|Any CPU
		{06735D35-6A67-4A05-835D-C7127FBE8845}.Debug|Any CPU.Build.0 = Debug|Any CPU
		{06735D35-6A67-4A05-835D-C7127FBE8845}.Release|Any CPU.ActiveCfg = Release|Any CPU
		{06735D35-6A67-4A05-835D-C7127FBE8845}.Release|Any CPU.Build.0 = Release|Any CPU
	EndGlobalSection
	GlobalSection(SolutionProperties) = preSolution
		HideSolutionNode = FALSE
	EndGlobalSection
	GlobalSection(ExtensibilityGlobals) = postSolution
		SolutionGuid = {A2783A11-105D-4E02-85A5-7B1A67D16AB9}
	EndGlobalSection
EndGlobal
